
Microsoft Visual Studio Solution File, Format Version 12.00
# Visual Studio 2013
VisualStudioVersion = 12.0.30723.0
MinimumVisualStudioVersion = 10.0.40219.1
Project("{FAE04EC0-301F-11D3-BF4B-00C04F79EFBC}") = "Dracula", "Dracula\Dracula.csproj", "{25029156-3F54-443E-B532-9EA8FF9D04B3}"
EndProject
Project("{FAE04EC0-301F-11D3-BF4B-00C04F79EFBC}") = "WebRucula", "WebRucula\WebRucula.csproj", "{1CB778A2-0DDB-4D44-B8CD-A5E60270A8F6}"
EndProject
Global
	GlobalSection(SolutionConfigurationPlatforms) = preSolution
		Debug|Any CPU = Debug|Any CPU
		Release|Any CPU = Release|Any CPU
	EndGlobalSection
	GlobalSection(ProjectConfigurationPlatforms) = postSolution
		{25029156-3F54-443E-B532-9EA8FF9D04B3}.Debug|Any CPU.ActiveCfg = Debug|Any CPU
		{25029156-3F54-443E-B532-9EA8FF9D04B3}.Debug|Any CPU.Build.0 = Debug|Any CPU
		{25029156-3F54-443E-B532-9EA8FF9D04B3}.Release|Any CPU.ActiveCfg = Release|Any CPU
		{25029156-3F54-443E-B532-9EA8FF9D04B3}.Release|Any CPU.Build.0 = Release|Any CPU
		{1CB778A2-0DDB-4D44-B8CD-A5E60270A8F6}.Debug|Any CPU.ActiveCfg = Debug|Any CPU
		{1CB778A2-0DDB-4D44-B8CD-A5E60270A8F6}.Debug|Any CPU.Build.0 = Debug|Any CPU
		{1CB778A2-0DDB-4D44-B8CD-A5E60270A8F6}.Release|Any CPU.ActiveCfg = Release|Any CPU
		{1CB778A2-0DDB-4D44-B8CD-A5E60270A8F6}.Release|Any CPU.Build.0 = Release|Any CPU
	EndGlobalSection
	GlobalSection(SolutionProperties) = preSolution
		HideSolutionNode = FALSE
	EndGlobalSection
EndGlobal
